
Microsoft Visual Studio Solution File, Format Version 12.00
# Visual Studio 15
Project("{FAE04EC0-301F-11D3-BF4B-00C04F79EFBC}") = "UnityEngine.UI", "UnityEngine.UI.csproj", "{D5B9C7DB-0283-F07A-2EA2-E0921EA988C9}"
EndProject
Project("{FAE04EC0-301F-11D3-BF4B-00C04F79EFBC}") = "Unity.RenderPipelines.Core.Runtime", "Unity.RenderPipelines.Core.Runtime.csproj", "{08BDB3C0-134D-474A-AC83-73D6AD33A270}"
EndProject
Project("{FAE04EC0-301F-11D3-BF4B-00C04F79EFBC}") = "UnityEngine.TestRunner", "UnityEngine.TestRunner.csproj", "{A6E0FBDC-FDBD-615C-B92C-63E30215D157}"
EndProject
Project("{FAE04EC0-301F-11D3-BF4B-00C04F79EFBC}") = "Unity.VisualScripting.State", "Unity.VisualScripting.State.csproj", "{16EFF59E-2630-1228-DB43-B3893CBFF049}"
EndProject
Project("{FAE04EC0-301F-11D3-BF4B-00C04F79EFBC}") = "Unity.VisualScripting.Core", "Unity.VisualScripting.Core.csproj", "{E6F65C6A-0B4D-B06B-6154-B24DCAE43BB2}"
EndProject
Project("{FAE04EC0-301F-11D3-BF4B-00C04F79EFBC}") = "Unity.VisualScripting.Flow", "Unity.VisualScripting.Flow.csproj", "{724EF33A-2D8C-7D88-C7BB-1B6EEE09B10A}"
EndProject
Project("{FAE04EC0-301F-11D3-BF4B-00C04F79EFBC}") = "Unity.RenderPipelines.HighDefinition.Runtime", "Unity.RenderPipelines.HighDefinition.Runtime.csproj", "{F15A0486-797C-D069-727D-DB384B729C0B}"
EndProject
Project("{FAE04EC0-301F-11D3-BF4B-00C04F79EFBC}") = "Unity.TextMeshPro", "Unity.TextMeshPro.csproj", "{26DA05E1-24C3-E551-4382-A9D00A9591EE}"
EndProject
Project("{FAE04EC0-301F-11D3-BF4B-00C04F79EFBC}") = "Unity.VisualEffectGraph.Runtime", "Unity.VisualEffectGraph.Runtime.csproj", "{4DE3DE24-C0AC-87E2-7788-6A4E9C23C7E4}"
EndProject
Project("{FAE04EC0-301F-11D3-BF4B-00C04F79EFBC}") = "Unity.Timeline", "Unity.Timeline.csproj", "{FCFE08ED-1309-5DC8-6AED-AE5F74878DDA}"
EndProject
Project("{FAE04EC0-301F-11D3-BF4B-00C04F79EFBC}") = "Assembly-CSharp", "Assembly-CSharp.csproj", "{91A6C5AC-4E5E-AB23-AAE3-2CDDD3282F21}"
EndProject
Project("{FAE04EC0-301F-11D3-BF4B-00C04F79EFBC}") = "Unity.Recorder", "Unity.Recorder.csproj", "{C5FB1AEC-FE30-4140-24C6-E0AED304D9C3}"
EndProject
Project("{FAE04EC0-301F-11D3-BF4B-00C04F79EFBC}") = "Unity.RenderPipelines.Core.ShaderLibrary", "Unity.RenderPipelines.Core.ShaderLibrary.csproj", "{99031850-E9F9-8D94-86B1-4CEF890B63DC}"
EndProject
Project("{FAE04EC0-301F-11D3-BF4B-00C04F79EFBC}") = "Unity.Recorder.Base", "Unity.Recorder.Base.csproj", "{6C9257F5-BBAA-E164-5AFD-7123D78B8EA0}"
EndProject
Project("{FAE04EC0-301F-11D3-BF4B-00C04F79EFBC}") = "Unity.RenderPipelines.ShaderGraph.ShaderGraphLibrary", "Unity.RenderPipelines.ShaderGraph.ShaderGraphLibrary.csproj", "{17BD1582-49FE-2C27-F123-695180FFCAD8}"
EndProject
Project("{FAE04EC0-301F-11D3-BF4B-00C04F79EFBC}") = "Unity.RenderPipelines.HighDefinition.Config.Runtime", "Unity.RenderPipelines.HighDefinition.Config.Runtime.csproj", "{3429EB07-F6DE-040F-8185-098195D47B70}"
EndProject
Project("{FAE04EC0-301F-11D3-BF4B-00C04F79EFBC}") = "Unity.VisualEffectGraph.Editor", "Unity.VisualEffectGraph.Editor.csproj", "{E238811A-454B-336B-FCE5-9291C3A17477}"
EndProject
Project("{FAE04EC0-301F-11D3-BF4B-00C04F79EFBC}") = "Unity.VisualScripting.Core.Editor", "Unity.VisualScripting.Core.Editor.csproj", "{781F5EFC-CC36-F4B4-E021-4C4BE83F86AB}"
EndProject
Project("{FAE04EC0-301F-11D3-BF4B-00C04F79EFBC}") = "Unity.RenderPipelines.HighDefinition.Editor", "Unity.RenderPipelines.HighDefinition.Editor.csproj", "{D30FDBAC-008F-E878-DE16-62BFA76D1F20}"
EndProject
Project("{FAE04EC0-301F-11D3-BF4B-00C04F79EFBC}") = "Unity.ShaderGraph.Editor", "Unity.ShaderGraph.Editor.csproj", "{6D1E03F4-6695-3D1E-1DAA-4E8898A44B7A}"
EndProject
Project("{FAE04EC0-301F-11D3-BF4B-00C04F79EFBC}") = "Unity.VisualStudio.Editor", "Unity.VisualStudio.Editor.csproj", "{471D09A3-D648-78CC-5A94-593F72259E36}"
EndProject
Project("{FAE04EC0-301F-11D3-BF4B-00C04F79EFBC}") = "Unity.Timeline.Editor", "Unity.Timeline.Editor.csproj", "{2871565A-E5F5-0BDA-3A83-B600621CE608}"
EndProject
Project("{FAE04EC0-301F-11D3-BF4B-00C04F79EFBC}") = "Unity.Recorder.Editor", "Unity.Recorder.Editor.csproj", "{0536F9A5-D215-E0DA-0263-A21D0AAD9499}"
EndProject
Project("{FAE04EC0-301F-11D3-BF4B-00C04F79EFBC}") = "Unity.VisualScripting.State.Editor", "Unity.VisualScripting.State.Editor.csproj", "{7EAD52C9-DC15-C089-138A-DF0DF4081AF0}"
EndProject
Project("{FAE04EC0-301F-11D3-BF4B-00C04F79EFBC}") = "Unity.TextMeshPro.Editor", "Unity.TextMeshPro.Editor.csproj", "{F5098209-CD74-0C0D-A30C-4AF63BD32CD5}"
EndProject
Project("{FAE04EC0-301F-11D3-BF4B-00C04F79EFBC}") = "VSSettingsProvider", "VSSettingsProvider.csproj", "{A91E7E8B-901E-E264-DB8B-E6A7C3A4B95D}"
EndProject
Project("{FAE04EC0-301F-11D3-BF4B-00C04F79EFBC}") = "Unity.CollabProxy.Editor", "Unity.CollabProxy.Editor.csproj", "{5F41BA1F-16DF-ABFC-62BB-490D9D1937FB}"
EndProject
Project("{FAE04EC0-301F-11D3-BF4B-00C04F79EFBC}") = "UnityEditor.TestRunner", "UnityEditor.TestRunner.csproj", "{37848265-7950-C210-A36F-F70B6AA68E5B}"
EndProject
Project("{FAE04EC0-301F-11D3-BF4B-00C04F79EFBC}") = "Unity.VisualScripting.Flow.Editor", "Unity.VisualScripting.Flow.Editor.csproj", "{5725C5DC-B0D7-EF4E-734E-FFAA4F0B407F}"
EndProject
Project("{FAE04EC0-301F-11D3-BF4B-00C04F79EFBC}") = "Unity.Rider.Editor", "Unity.Rider.Editor.csproj", "{7335C726-838C-0510-E14A-9073C0450A4C}"
EndProject
Project("{FAE04EC0-301F-11D3-BF4B-00C04F79EFBC}") = "Unity.RenderPipelines.Core.Editor", "Unity.RenderPipelines.Core.Editor.csproj", "{FA46F329-0B18-6C6F-60A0-81E7BD4E8485}"
EndProject
Project("{FAE04EC0-301F-11D3-BF4B-00C04F79EFBC}") = "Unity.Searcher.Editor", "Unity.Searcher.Editor.csproj", "{E5BDD66D-1376-CF2F-FD7A-73913036AEBE}"
EndProject
Project("{FAE04EC0-301F-11D3-BF4B-00C04F79EFBC}") = "Unity.VSCode.Editor", "Unity.VSCode.Editor.csproj", "{24FA8199-E80A-7FFE-C2DE-7946E4B7C3D4}"
EndProject
Project("{FAE04EC0-301F-11D3-BF4B-00C04F79EFBC}") = "UnityEditor.UI", "UnityEditor.UI.csproj", "{ACDB0010-38E2-1247-D8AA-53E819721C38}"
EndProject
Project("{FAE04EC0-301F-11D3-BF4B-00C04F79EFBC}") = "Unity.ShaderGraph.Utilities", "Unity.ShaderGraph.Utilities.csproj", "{F70A5B47-8D3B-AD55-5E3A-CBB950C56D76}"
EndProject
Global
	GlobalSection(SolutionConfigurationPlatforms) = preSolution
		Debug|Any CPU = Debug|Any CPU
		Release|Any CPU = Release|Any CPU
	EndGlobalSection
	GlobalSection(ProjectConfigurationPlatforms) = postSolution
		{D5B9C7DB-0283-F07A-2EA2-E0921EA988C9}.Debug|Any CPU.ActiveCfg = Debug|Any CPU
		{D5B9C7DB-0283-F07A-2EA2-E0921EA988C9}.Debug|Any CPU.Build.0 = Debug|Any CPU
		{D5B9C7DB-0283-F07A-2EA2-E0921EA988C9}.Release|Any CPU.ActiveCfg = Release|Any CPU
		{D5B9C7DB-0283-F07A-2EA2-E0921EA988C9}.Release|Any CPU.Build.0 = Release|Any CPU
		{08BDB3C0-134D-474A-AC83-73D6AD33A270}.Debug|Any CPU.ActiveCfg = Debug|Any CPU
		{08BDB3C0-134D-474A-AC83-73D6AD33A270}.Debug|Any CPU.Build.0 = Debug|Any CPU
		{08BDB3C0-134D-474A-AC83-73D6AD33A270}.Release|Any CPU.ActiveCfg = Release|Any CPU
		{08BDB3C0-134D-474A-AC83-73D6AD33A270}.Release|Any CPU.Build.0 = Release|Any CPU
		{A6E0FBDC-FDBD-615C-B92C-63E30215D157}.Debug|Any CPU.ActiveCfg = Debug|Any CPU
		{A6E0FBDC-FDBD-615C-B92C-63E30215D157}.Debug|Any CPU.Build.0 = Debug|Any CPU
		{A6E0FBDC-FDBD-615C-B92C-63E30215D157}.Release|Any CPU.ActiveCfg = Release|Any CPU
		{A6E0FBDC-FDBD-615C-B92C-63E30215D157}.Release|Any CPU.Build.0 = Release|Any CPU
		{16EFF59E-2630-1228-DB43-B3893CBFF049}.Debug|Any CPU.ActiveCfg = Debug|Any CPU
		{16EFF59E-2630-1228-DB43-B3893CBFF049}.Debug|Any CPU.Build.0 = Debug|Any CPU
		{16EFF59E-2630-1228-DB43-B3893CBFF049}.Release|Any CPU.ActiveCfg = Release|Any CPU
		{16EFF59E-2630-1228-DB43-B3893CBFF049}.Release|Any CPU.Build.0 = Release|Any CPU
		{E6F65C6A-0B4D-B06B-6154-B24DCAE43BB2}.Debug|Any CPU.ActiveCfg = Debug|Any CPU
		{E6F65C6A-0B4D-B06B-6154-B24DCAE43BB2}.Debug|Any CPU.Build.0 = Debug|Any CPU
		{E6F65C6A-0B4D-B06B-6154-B24DCAE43BB2}.Release|Any CPU.ActiveCfg = Release|Any CPU
		{E6F65C6A-0B4D-B06B-6154-B24DCAE43BB2}.Release|Any CPU.Build.0 = Release|Any CPU
		{724EF33A-2D8C-7D88-C7BB-1B6EEE09B10A}.Debug|Any CPU.ActiveCfg = Debug|Any CPU
		{724EF33A-2D8C-7D88-C7BB-1B6EEE09B10A}.Debug|Any CPU.Build.0 = Debug|Any CPU
		{724EF33A-2D8C-7D88-C7BB-1B6EEE09B10A}.Release|Any CPU.ActiveCfg = Release|Any CPU
		{724EF33A-2D8C-7D88-C7BB-1B6EEE09B10A}.Release|Any CPU.Build.0 = Release|Any CPU
		{F15A0486-797C-D069-727D-DB384B729C0B}.Debug|Any CPU.ActiveCfg = Debug|Any CPU
		{F15A0486-797C-D069-727D-DB384B729C0B}.Debug|Any CPU.Build.0 = Debug|Any CPU
		{F15A0486-797C-D069-727D-DB384B729C0B}.Release|Any CPU.ActiveCfg = Release|Any CPU
		{F15A0486-797C-D069-727D-DB384B729C0B}.Release|Any CPU.Build.0 = Release|Any CPU
		{26DA05E1-24C3-E551-4382-A9D00A9591EE}.Debug|Any CPU.ActiveCfg = Debug|Any CPU
		{26DA05E1-24C3-E551-4382-A9D00A9591EE}.Debug|Any CPU.Build.0 = Debug|Any CPU
		{26DA05E1-24C3-E551-4382-A9D00A9591EE}.Release|Any CPU.ActiveCfg = Release|Any CPU
		{26DA05E1-24C3-E551-4382-A9D00A9591EE}.Release|Any CPU.Build.0 = Release|Any CPU
		{4DE3DE24-C0AC-87E2-7788-6A4E9C23C7E4}.Debug|Any CPU.ActiveCfg = Debug|Any CPU
		{4DE3DE24-C0AC-87E2-7788-6A4E9C23C7E4}.Debug|Any CPU.Build.0 = Debug|Any CPU
		{4DE3DE24-C0AC-87E2-7788-6A4E9C23C7E4}.Release|Any CPU.ActiveCfg = Release|Any CPU
		{4DE3DE24-C0AC-87E2-7788-6A4E9C23C7E4}.Release|Any CPU.Build.0 = Release|Any CPU
		{FCFE08ED-1309-5DC8-6AED-AE5F74878DDA}.Debug|Any CPU.ActiveCfg = Debug|Any CPU
		{FCFE08ED-1309-5DC8-6AED-AE5F74878DDA}.Debug|Any CPU.Build.0 = Debug|Any CPU
		{FCFE08ED-1309-5DC8-6AED-AE5F74878DDA}.Release|Any CPU.ActiveCfg = Release|Any CPU
		{FCFE08ED-1309-5DC8-6AED-AE5F74878DDA}.Release|Any CPU.Build.0 = Release|Any CPU
		{91A6C5AC-4E5E-AB23-AAE3-2CDDD3282F21}.Debug|Any CPU.ActiveCfg = Debug|Any CPU
		{91A6C5AC-4E5E-AB23-AAE3-2CDDD3282F21}.Debug|Any CPU.Build.0 = Debug|Any CPU
		{91A6C5AC-4E5E-AB23-AAE3-2CDDD3282F21}.Release|Any CPU.ActiveCfg = Release|Any CPU
		{91A6C5AC-4E5E-AB23-AAE3-2CDDD3282F21}.Release|Any CPU.Build.0 = Release|Any CPU
		{C5FB1AEC-FE30-4140-24C6-E0AED304D9C3}.Debug|Any CPU.ActiveCfg = Debug|Any CPU
		{C5FB1AEC-FE30-4140-24C6-E0AED304D9C3}.Debug|Any CPU.Build.0 = Debug|Any CPU
		{C5FB1AEC-FE30-4140-24C6-E0AED304D9C3}.Release|Any CPU.ActiveCfg = Release|Any CPU
		{C5FB1AEC-FE30-4140-24C6-E0AED304D9C3}.Release|Any CPU.Build.0 = Release|Any CPU
		{99031850-E9F9-8D94-86B1-4CEF890B63DC}.Debug|Any CPU.ActiveCfg = Debug|Any CPU
		{99031850-E9F9-8D94-86B1-4CEF890B63DC}.Debug|Any CPU.Build.0 = Debug|Any CPU
		{99031850-E9F9-8D94-86B1-4CEF890B63DC}.Release|Any CPU.ActiveCfg = Release|Any CPU
		{99031850-E9F9-8D94-86B1-4CEF890B63DC}.Release|Any CPU.Build.0 = Release|Any CPU
		{6C9257F5-BBAA-E164-5AFD-7123D78B8EA0}.Debug|Any CPU.ActiveCfg = Debug|Any CPU
		{6C9257F5-BBAA-E164-5AFD-7123D78B8EA0}.Debug|Any CPU.Build.0 = Debug|Any CPU
		{6C9257F5-BBAA-E164-5AFD-7123D78B8EA0}.Release|Any CPU.ActiveCfg = Release|Any CPU
		{6C9257F5-BBAA-E164-5AFD-7123D78B8EA0}.Release|Any CPU.Build.0 = Release|Any CPU
		{17BD1582-49FE-2C27-F123-695180FFCAD8}.Debug|Any CPU.ActiveCfg = Debug|Any CPU
		{17BD1582-49FE-2C27-F123-695180FFCAD8}.Debug|Any CPU.Build.0 = Debug|Any CPU
		{17BD1582-49FE-2C27-F123-695180FFCAD8}.Release|Any CPU.ActiveCfg = Release|Any CPU
		{17BD1582-49FE-2C27-F123-695180FFCAD8}.Release|Any CPU.Build.0 = Release|Any CPU
		{3429EB07-F6DE-040F-8185-098195D47B70}.Debug|Any CPU.ActiveCfg = Debug|Any CPU
		{3429EB07-F6DE-040F-8185-098195D47B70}.Debug|Any CPU.Build.0 = Debug|Any CPU
		{3429EB07-F6DE-040F-8185-098195D47B70}.Release|Any CPU.ActiveCfg = Release|Any CPU
		{3429EB07-F6DE-040F-8185-098195D47B70}.Release|Any CPU.Build.0 = Release|Any CPU
		{E238811A-454B-336B-FCE5-9291C3A17477}.Debug|Any CPU.ActiveCfg = Debug|Any CPU
		{E238811A-454B-336B-FCE5-9291C3A17477}.Debug|Any CPU.Build.0 = Debug|Any CPU
		{E238811A-454B-336B-FCE5-9291C3A17477}.Release|Any CPU.ActiveCfg = Release|Any CPU
		{E238811A-454B-336B-FCE5-9291C3A17477}.Release|Any CPU.Build.0 = Release|Any CPU
		{781F5EFC-CC36-F4B4-E021-4C4BE83F86AB}.Debug|Any CPU.ActiveCfg = Debug|Any CPU
		{781F5EFC-CC36-F4B4-E021-4C4BE83F86AB}.Debug|Any CPU.Build.0 = Debug|Any CPU
		{781F5EFC-CC36-F4B4-E021-4C4BE83F86AB}.Release|Any CPU.ActiveCfg = Release|Any CPU
		{781F5EFC-CC36-F4B4-E021-4C4BE83F86AB}.Release|Any CPU.Build.0 = Release|Any CPU
		{D30FDBAC-008F-E878-DE16-62BFA76D1F20}.Debug|Any CPU.ActiveCfg = Debug|Any CPU
		{D30FDBAC-008F-E878-DE16-62BFA76D1F20}.Debug|Any CPU.Build.0 = Debug|Any CPU
		{D30FDBAC-008F-E878-DE16-62BFA76D1F20}.Release|Any CPU.ActiveCfg = Release|Any CPU
		{D30FDBAC-008F-E878-DE16-62BFA76D1F20}.Release|Any CPU.Build.0 = Release|Any CPU
		{6D1E03F4-6695-3D1E-1DAA-4E8898A44B7A}.Debug|Any CPU.ActiveCfg = Debug|Any CPU
		{6D1E03F4-6695-3D1E-1DAA-4E8898A44B7A}.Debug|Any CPU.Build.0 = Debug|Any CPU
		{6D1E03F4-6695-3D1E-1DAA-4E8898A44B7A}.Release|Any CPU.ActiveCfg = Release|Any CPU
		{6D1E03F4-6695-3D1E-1DAA-4E8898A44B7A}.Release|Any CPU.Build.0 = Release|Any CPU
		{471D09A3-D648-78CC-5A94-593F72259E36}.Debug|Any CPU.ActiveCfg = Debug|Any CPU
		{471D09A3-D648-78CC-5A94-593F72259E36}.Debug|Any CPU.Build.0 = Debug|Any CPU
		{471D09A3-D648-78CC-5A94-593F72259E36}.Release|Any CPU.ActiveCfg = Release|Any CPU
		{471D09A3-D648-78CC-5A94-593F72259E36}.Release|Any CPU.Build.0 = Release|Any CPU
		{2871565A-E5F5-0BDA-3A83-B600621CE608}.Debug|Any CPU.ActiveCfg = Debug|Any CPU
		{2871565A-E5F5-0BDA-3A83-B600621CE608}.Debug|Any CPU.Build.0 = Debug|Any CPU
		{2871565A-E5F5-0BDA-3A83-B600621CE608}.Release|Any CPU.ActiveCfg = Release|Any CPU
		{2871565A-E5F5-0BDA-3A83-B600621CE608}.Release|Any CPU.Build.0 = Release|Any CPU
		{0536F9A5-D215-E0DA-0263-A21D0AAD9499}.Debug|Any CPU.ActiveCfg = Debug|Any CPU
		{0536F9A5-D215-E0DA-0263-A21D0AAD9499}.Debug|Any CPU.Build.0 = Debug|Any CPU
		{0536F9A5-D215-E0DA-0263-A21D0AAD9499}.Release|Any CPU.ActiveCfg = Release|Any CPU
		{0536F9A5-D215-E0DA-0263-A21D0AAD9499}.Release|Any CPU.Build.0 = Release|Any CPU
		{7EAD52C9-DC15-C089-138A-DF0DF4081AF0}.Debug|Any CPU.ActiveCfg = Debug|Any CPU
		{7EAD52C9-DC15-C089-138A-DF0DF4081AF0}.Debug|Any CPU.Build.0 = Debug|Any CPU
		{7EAD52C9-DC15-C089-138A-DF0DF4081AF0}.Release|Any CPU.ActiveCfg = Release|Any CPU
		{7EAD52C9-DC15-C089-138A-DF0DF4081AF0}.Release|Any CPU.Build.0 = Release|Any CPU
		{F5098209-CD74-0C0D-A30C-4AF63BD32CD5}.Debug|Any CPU.ActiveCfg = Debug|Any CPU
		{F5098209-CD74-0C0D-A30C-4AF63BD32CD5}.Debug|Any CPU.Build.0 = Debug|Any CPU
		{F5098209-CD74-0C0D-A30C-4AF63BD32CD5}.Release|Any CPU.ActiveCfg = Release|Any CPU
		{F5098209-CD74-0C0D-A30C-4AF63BD32CD5}.Release|Any CPU.Build.0 = Release|Any CPU
		{A91E7E8B-901E-E264-DB8B-E6A7C3A4B95D}.Debug|Any CPU.ActiveCfg = Debug|Any CPU
		{A91E7E8B-901E-E264-DB8B-E6A7C3A4B95D}.Debug|Any CPU.Build.0 = Debug|Any CPU
		{A91E7E8B-901E-E264-DB8B-E6A7C3A4B95D}.Release|Any CPU.ActiveCfg = Release|Any CPU
		{A91E7E8B-901E-E264-DB8B-E6A7C3A4B95D}.Release|Any CPU.Build.0 = Release|Any CPU
		{5F41BA1F-16DF-ABFC-62BB-490D9D1937FB}.Debug|Any CPU.ActiveCfg = Debug|Any CPU
		{5F41BA1F-16DF-ABFC-62BB-490D9D1937FB}.Debug|Any CPU.Build.0 = Debug|Any CPU
		{5F41BA1F-16DF-ABFC-62BB-490D9D1937FB}.Release|Any CPU.ActiveCfg = Release|Any CPU
		{5F41BA1F-16DF-ABFC-62BB-490D9D1937FB}.Release|Any CPU.Build.0 = Release|Any CPU
		{37848265-7950-C210-A36F-F70B6AA68E5B}.Debug|Any CPU.ActiveCfg = Debug|Any CPU
		{37848265-7950-C210-A36F-F70B6AA68E5B}.Debug|Any CPU.Build.0 = Debug|Any CPU
		{37848265-7950-C210-A36F-F70B6AA68E5B}.Release|Any CPU.ActiveCfg = Release|Any CPU
		{37848265-7950-C210-A36F-F70B6AA68E5B}.Release|Any CPU.Build.0 = Release|Any CPU
		{5725C5DC-B0D7-EF4E-734E-FFAA4F0B407F}.Debug|Any CPU.ActiveCfg = Debug|Any CPU
		{5725C5DC-B0D7-EF4E-734E-FFAA4F0B407F}.Debug|Any CPU.Build.0 = Debug|Any CPU
		{5725C5DC-B0D7-EF4E-734E-FFAA4F0B407F}.Release|Any CPU.ActiveCfg = Release|Any CPU
		{5725C5DC-B0D7-EF4E-734E-FFAA4F0B407F}.Release|Any CPU.Build.0 = Release|Any CPU
		{7335C726-838C-0510-E14A-9073C0450A4C}.Debug|Any CPU.ActiveCfg = Debug|Any CPU
		{7335C726-838C-0510-E14A-9073C0450A4C}.Debug|Any CPU.Build.0 = Debug|Any CPU
		{7335C726-838C-0510-E14A-9073C0450A4C}.Release|Any CPU.ActiveCfg = Release|Any CPU
		{7335C726-838C-0510-E14A-9073C0450A4C}.Release|Any CPU.Build.0 = Release|Any CPU
		{FA46F329-0B18-6C6F-60A0-81E7BD4E8485}.Debug|Any CPU.ActiveCfg = Debug|Any CPU
		{FA46F329-0B18-6C6F-60A0-81E7BD4E8485}.Debug|Any CPU.Build.0 = Debug|Any CPU
		{FA46F329-0B18-6C6F-60A0-81E7BD4E8485}.Release|Any CPU.ActiveCfg = Release|Any CPU
		{FA46F329-0B18-6C6F-60A0-81E7BD4E8485}.Release|Any CPU.Build.0 = Release|Any CPU
		{E5BDD66D-1376-CF2F-FD7A-73913036AEBE}.Debug|Any CPU.ActiveCfg = Debug|Any CPU
		{E5BDD66D-1376-CF2F-FD7A-73913036AEBE}.Debug|Any CPU.Build.0 = Debug|Any CPU
		{E5BDD66D-1376-CF2F-FD7A-73913036AEBE}.Release|Any CPU.ActiveCfg = Release|Any CPU
		{E5BDD66D-1376-CF2F-FD7A-73913036AEBE}.Release|Any CPU.Build.0 = Release|Any CPU
		{24FA8199-E80A-7FFE-C2DE-7946E4B7C3D4}.Debug|Any CPU.ActiveCfg = Debug|Any CPU
		{24FA8199-E80A-7FFE-C2DE-7946E4B7C3D4}.Debug|Any CPU.Build.0 = Debug|Any CPU
		{24FA8199-E80A-7FFE-C2DE-7946E4B7C3D4}.Release|Any CPU.ActiveCfg = Release|Any CPU
		{24FA8199-E80A-7FFE-C2DE-7946E4B7C3D4}.Release|Any CPU.Build.0 = Release|Any CPU
		{ACDB0010-38E2-1247-D8AA-53E819721C38}.Debug|Any CPU.ActiveCfg = Debug|Any CPU
		{ACDB0010-38E2-1247-D8AA-53E819721C38}.Debug|Any CPU.Build.0 = Debug|Any CPU
		{ACDB0010-38E2-1247-D8AA-53E819721C38}.Release|Any CPU.ActiveCfg = Release|Any CPU
		{ACDB0010-38E2-1247-D8AA-53E819721C38}.Release|Any CPU.Build.0 = Release|Any CPU
		{F70A5B47-8D3B-AD55-5E3A-CBB950C56D76}.Debug|Any CPU.ActiveCfg = Debug|Any CPU
		{F70A5B47-8D3B-AD55-5E3A-CBB950C56D76}.Debug|Any CPU.Build.0 = Debug|Any CPU
		{F70A5B47-8D3B-AD55-5E3A-CBB950C56D76}.Release|Any CPU.ActiveCfg = Release|Any CPU
		{F70A5B47-8D3B-AD55-5E3A-CBB950C56D76}.Release|Any CPU.Build.0 = Release|Any CPU
	EndGlobalSection
	GlobalSection(SolutionProperties) = preSolution
		HideSolutionNode = FALSE
	EndGlobalSection
EndGlobal
